
Microsoft Visual Studio Solution File, Format Version 12.00
# Visual Studio Version 17
VisualStudioVersion = 17.12.35728.132 d17.12
MinimumVisualStudioVersion = 10.0.40219.1
Project("{FAE04EC0-301F-11D3-BF4B-00C04F79EFBC}") = "InhertanceCS", "InhertanceCS\InhertanceCS.csproj", "{55E8585D-403A-4EB2-9EFC-604372EBD366}"
EndProject
Project("{FAE04EC0-301F-11D3-BF4B-00C04F79EFBC}") = "Academy", "Academy\Academy.csproj", "{96DA0D02-064A-403B-B596-28C27B25BB32}"
EndProject
Global
	GlobalSection(SolutionConfigurationPlatforms) = preSolution
		Debug|Any CPU = Debug|Any CPU
		Release|Any CPU = Release|Any CPU
	EndGlobalSection
	GlobalSection(ProjectConfigurationPlatforms) = postSolution
		{55E8585D-403A-4EB2-9EFC-604372EBD366}.Debug|Any CPU.ActiveCfg = Debug|Any CPU
		{55E8585D-403A-4EB2-9EFC-604372EBD366}.Debug|Any CPU.Build.0 = Debug|Any CPU
		{55E8585D-403A-4EB2-9EFC-604372EBD366}.Release|Any CPU.ActiveCfg = Release|Any CPU
		{55E8585D-403A-4EB2-9EFC-604372EBD366}.Release|Any CPU.Build.0 = Release|Any CPU
		{96DA0D02-064A-403B-B596-28C27B25BB32}.Debug|Any CPU.ActiveCfg = Debug|Any CPU
		{96DA0D02-064A-403B-B596-28C27B25BB32}.Debug|Any CPU.Build.0 = Debug|Any CPU
		{96DA0D02-064A-403B-B596-28C27B25BB32}.Release|Any CPU.ActiveCfg = Release|Any CPU
		{96DA0D02-064A-403B-B596-28C27B25BB32}.Release|Any CPU.Build.0 = Release|Any CPU
	EndGlobalSection
	GlobalSection(SolutionProperties) = preSolution
		HideSolutionNode = FALSE
	EndGlobalSection
EndGlobal
